
Microsoft Visual Studio Solution File, Format Version 12.00
# Visual Studio Version 16
VisualStudioVersion = 16.0.31313.79
MinimumVisualStudioVersion = 10.0.40219.1
Project("{FAE04EC0-301F-11D3-BF4B-00C04F79EFBC}") = "DSBot", "DSBot\DSBot.csproj", "{8F911AAB-F554-437B-8D3C-620E8D46939F}"
EndProject
Global
	GlobalSection(SolutionConfigurationPlatforms) = preSolution
		Debug|Any CPU = Debug|Any CPU
		Release|Any CPU = Release|Any CPU
	EndGlobalSection
	GlobalSection(ProjectConfigurationPlatforms) = postSolution
		{8F911AAB-F554-437B-8D3C-620E8D46939F}.Debug|Any CPU.ActiveCfg = Debug|Any CPU
		{8F911AAB-F554-437B-8D3C-620E8D46939F}.Debug|Any CPU.Build.0 = Debug|Any CPU
		{8F911AAB-F554-437B-8D3C-620E8D46939F}.Release|Any CPU.ActiveCfg = Release|Any CPU
		{8F911AAB-F554-437B-8D3C-620E8D46939F}.Release|Any CPU.Build.0 = Release|Any CPU
	EndGlobalSection
	GlobalSection(SolutionProperties) = preSolution
		HideSolutionNode = FALSE
	EndGlobalSection
	GlobalSection(ExtensibilityGlobals) = postSolution
		SolutionGuid = {2FCB6492-C2DD-494E-9061-FEC00659D757}
	EndGlobalSection
EndGlobal
